
Microsoft Visual Studio Solution File, Format Version 12.00
# Visual Studio 15
VisualStudioVersion = 15.0.27130.2036
MinimumVisualStudioVersion = 10.0.40219.1
Project("{FAE04EC0-301F-11D3-BF4B-00C04F79EFBC}") = "Anna_Baseley_Lab21", "Anna_Baseley_Lab21\Anna_Baseley_Lab21.csproj", "{5CED06F0-6D1D-4416-BF30-28A7A1174E11}"
EndProject
Global
	GlobalSection(SolutionConfigurationPlatforms) = preSolution
		Debug|Any CPU = Debug|Any CPU
		Release|Any CPU = Release|Any CPU
	EndGlobalSection
	GlobalSection(ProjectConfigurationPlatforms) = postSolution
		{5CED06F0-6D1D-4416-BF30-28A7A1174E11}.Debug|Any CPU.ActiveCfg = Debug|Any CPU
		{5CED06F0-6D1D-4416-BF30-28A7A1174E11}.Debug|Any CPU.Build.0 = Debug|Any CPU
		{5CED06F0-6D1D-4416-BF30-28A7A1174E11}.Release|Any CPU.ActiveCfg = Release|Any CPU
		{5CED06F0-6D1D-4416-BF30-28A7A1174E11}.Release|Any CPU.Build.0 = Release|Any CPU
	EndGlobalSection
	GlobalSection(SolutionProperties) = preSolution
		HideSolutionNode = FALSE
	EndGlobalSection
	GlobalSection(ExtensibilityGlobals) = postSolution
		SolutionGuid = {1C127E98-4B9D-4A87-BF67-7141557A95C8}
	EndGlobalSection
EndGlobal
